// !$*UTF8*$!
{
	archiveVersion = 1;
	classes = {
	};
	objectVersion = 46;
	objects = {

/* Begin PBXBuildFile section */
		05915C591B2764E100519B5C /* backgroundMusic.mp3 in Resources */ = {isa = PBXBuildFile; fileRef = 05915C541B2764E100519B5C /* backgroundMusic.mp3 */; };
		05915C5A1B2764E100519B5C /* hitCat.wav in Resources */ = {isa = PBXBuildFile; fileRef = 05915C551B2764E100519B5C /* hitCat.wav */; };
		05915C5B1B2764E100519B5C /* hitCatLady.wav in Resources */ = {isa = PBXBuildFile; fileRef = 05915C561B2764E100519B5C /* hitCatLady.wav */; };
		05915C5C1B2764E100519B5C /* lose.wav in Resources */ = {isa = PBXBuildFile; fileRef = 05915C571B2764E100519B5C /* lose.wav */; };
		05915C5D1B2764E100519B5C /* win.wav in Resources */ = {isa = PBXBuildFile; fileRef = 05915C581B2764E100519B5C /* win.wav */; };
		05CC70EA1B222B0000A5FDEA /* MyUtils.swift in Sources */ = {isa = PBXBuildFile; fileRef = 05CC70E91B222B0000A5FDEA /* MyUtils.swift */; };
		05EB5BF61B2A14E000D9AAD0 /* GameOverScene.swift in Sources */ = {isa = PBXBuildFile; fileRef = 05EB5BF51B2A14E000D9AAD0 /* GameOverScene.swift */; };
		05ED65CE1B20BC8F000BB9E6 /* AppDelegate.swift in Sources */ = {isa = PBXBuildFile; fileRef = 05ED65CD1B20BC8F000BB9E6 /* AppDelegate.swift */; };
		05ED65D21B20BC8F000BB9E6 /* GameScene.swift in Sources */ = {isa = PBXBuildFile; fileRef = 05ED65D11B20BC8F000BB9E6 /* GameScene.swift */; };
		05ED65D41B20BC8F000BB9E6 /* GameViewController.swift in Sources */ = {isa = PBXBuildFile; fileRef = 05ED65D31B20BC8F000BB9E6 /* GameViewController.swift */; };
		05ED65D71B20BC8F000BB9E6 /* Main.storyboard in Resources */ = {isa = PBXBuildFile; fileRef = 05ED65D51B20BC8F000BB9E6 /* Main.storyboard */; };
		05ED65D91B20BC8F000BB9E6 /* Images.xcassets in Resources */ = {isa = PBXBuildFile; fileRef = 05ED65D81B20BC8F000BB9E6 /* Images.xcassets */; };
		05ED65DC1B20BC8F000BB9E6 /* LaunchScreen.xib in Resources */ = {isa = PBXBuildFile; fileRef = 05ED65DA1B20BC8F000BB9E6 /* LaunchScreen.xib */; };
		05ED65E81B20BC8F000BB9E6 /* ZombieCongaTests.swift in Sources */ = {isa = PBXBuildFile; fileRef = 05ED65E71B20BC8F000BB9E6 /* ZombieCongaTests.swift */; };
		05ED660A1B20C639000BB9E6 /* background1.png in Resources */ = {isa = PBXBuildFile; fileRef = 05ED66051B20C639000BB9E6 /* background1.png */; };
		05ED660B1B20C639000BB9E6 /* background2.png in Resources */ = {isa = PBXBuildFile; fileRef = 05ED66061B20C639000BB9E6 /* background2.png */; };
		05ED660C1B20C639000BB9E6 /* MainMenu.png in Resources */ = {isa = PBXBuildFile; fileRef = 05ED66071B20C639000BB9E6 /* MainMenu.png */; };
		05ED660D1B20C639000BB9E6 /* YouLose.png in Resources */ = {isa = PBXBuildFile; fileRef = 05ED66081B20C639000BB9E6 /* YouLose.png */; };
		05ED660E1B20C639000BB9E6 /* YouWin.png in Resources */ = {isa = PBXBuildFile; fileRef = 05ED66091B20C639000BB9E6 /* YouWin.png */; };
		05ED66121B20C675000BB9E6 /* sprites.atlas in Resources */ = {isa = PBXBuildFile; fileRef = 05ED66111B20C675000BB9E6 /* sprites.atlas */; };
		05FCA06F1B2F038400C3FA6D /* MainMenuScene.swift in Sources */ = {isa = PBXBuildFile; fileRef = 05FCA06E1B2F038400C3FA6D /* MainMenuScene.swift */; };
/* End PBXBuildFile section */

/* Begin PBXContainerItemProxy section */
		05ED65E21B20BC8F000BB9E6 /* PBXContainerItemProxy */ = {
			isa = PBXContainerItemProxy;
			containerPortal = 05ED65C01B20BC8E000BB9E6 /* Project object */;
			proxyType = 1;
			remoteGlobalIDString = 05ED65C71B20BC8F000BB9E6;
			remoteInfo = ZombieConga;
		};
/* End PBXContainerItemProxy section */

/* Begin PBXFileReference section */
		05915C541B2764E100519B5C /* backgroundMusic.mp3 */ = {isa = PBXFileReference; lastKnownFileType = audio.mp3; path = backgroundMusic.mp3; sourceTree = "<group>"; };
		05915C551B2764E100519B5C /* hitCat.wav */ = {isa = PBXFileReference; lastKnownFileType = audio.wav; path = hitCat.wav; sourceTree = "<group>"; };
		05915C561B2764E100519B5C /* hitCatLady.wav */ = {isa = PBXFileReference; lastKnownFileType = audio.wav; path = hitCatLady.wav; sourceTree = "<group>"; };
		05915C571B2764E100519B5C /* lose.wav */ = {isa = PBXFileReference; lastKnownFileType = audio.wav; path = lose.wav; sourceTree = "<group>"; };
		05915C581B2764E100519B5C /* win.wav */ = {isa = PBXFileReference; lastKnownFileType = audio.wav; path = win.wav; sourceTree = "<group>"; };
		05CC70E91B222B0000A5FDEA /* MyUtils.swift */ = {isa = PBXFileReference; fileEncoding = 4; lastKnownFileType = sourcecode.swift; path = MyUtils.swift; sourceTree = "<group>"; };
		05EB5BF51B2A14E000D9AAD0 /* GameOverScene.swift */ = {isa = PBXFileReference; fileEncoding = 4; lastKnownFileType = sourcecode.swift; path = GameOverScene.swift; sourceTree = "<group>"; };
		05ED65C81B20BC8F000BB9E6 /* ZombieConga.app */ = {isa = PBXFileReference; explicitFileType = wrapper.application; includeInIndex = 0; path = ZombieConga.app; sourceTree = BUILT_PRODUCTS_DIR; };
		05ED65CC1B20BC8F000BB9E6 /* Info.plist */ = {isa = PBXFileReference; lastKnownFileType = text.plist.xml; path = Info.plist; sourceTree = "<group>"; };
		05ED65CD1B20BC8F000BB9E6 /* AppDelegate.swift */ = {isa = PBXFileReference; lastKnownFileType = sourcecode.swift; path = AppDelegate.swift; sourceTree = "<group>"; };
		05ED65D11B20BC8F000BB9E6 /* GameScene.swift */ = {isa = PBXFileReference; lastKnownFileType = sourcecode.swift; path = GameScene.swift; sourceTree = "<group>"; };
		05ED65D31B20BC8F000BB9E6 /* GameViewController.swift */ = {isa = PBXFileReference; lastKnownFileType = sourcecode.swift; path = GameViewController.swift; sourceTree = "<group>"; };
		05ED65D61B20BC8F000BB9E6 /* Base */ = {isa = PBXFileReference; lastKnownFileType = file.storyboard; name = Base; path = Base.lproj/Main.storyboard; sourceTree = "<group>"; };
		05ED65D81B20BC8F000BB9E6 /* Images.xcassets */ = {isa = PBXFileReference; lastKnownFileType = folder.assetcatalog; path = Images.xcassets; sourceTree = "<group>"; };
		05ED65DB1B20BC8F000BB9E6 /* Base */ = {isa = PBXFileReference; lastKnownFileType = file.xib; name = Base; path = Base.lproj/LaunchScreen.xib; sourceTree = "<group>"; };
		05ED65E11B20BC8F000BB9E6 /* ZombieCongaTests.xctest */ = {isa = PBXFileReference; explicitFileType = wrapper.cfbundle; includeInIndex = 0; path = ZombieCongaTests.xctest; sourceTree = BUILT_PRODUCTS_DIR; };
		05ED65E61B20BC8F000BB9E6 /* Info.plist */ = {isa = PBXFileReference; lastKnownFileType = text.plist.xml; path = Info.plist; sourceTree = "<group>"; };
		05ED65E71B20BC8F000BB9E6 /* ZombieCongaTests.swift */ = {isa = PBXFileReference; lastKnownFileType = sourcecode.swift; path = ZombieCongaTests.swift; sourceTree = "<group>"; };
		05ED66051B20C639000BB9E6 /* background1.png */ = {isa = PBXFileReference; lastKnownFileType = image.png; path = background1.png; sourceTree = "<group>"; };
		05ED66061B20C639000BB9E6 /* background2.png */ = {isa = PBXFileReference; lastKnownFileType = image.png; path = background2.png; sourceTree = "<group>"; };
		05ED66071B20C639000BB9E6 /* MainMenu.png */ = {isa = PBXFileReference; lastKnownFileType = image.png; path = MainMenu.png; sourceTree = "<group>"; };
		05ED66081B20C639000BB9E6 /* YouLose.png */ = {isa = PBXFileReference; lastKnownFileType = image.png; path = YouLose.png; sourceTree = "<group>"; };
		05ED66091B20C639000BB9E6 /* YouWin.png */ = {isa = PBXFileReference; lastKnownFileType = image.png; path = YouWin.png; sourceTree = "<group>"; };
		05ED66111B20C675000BB9E6 /* sprites.atlas */ = {isa = PBXFileReference; lastKnownFileType = folder.skatlas; path = sprites.atlas; sourceTree = "<group>"; };
		05FCA06E1B2F038400C3FA6D /* MainMenuScene.swift */ = {isa = PBXFileReference; fileEncoding = 4; lastKnownFileType = sourcecode.swift; path = MainMenuScene.swift; sourceTree = "<group>"; };
/* End PBXFileReference section */

/* Begin PBXFrameworksBuildPhase section */
		05ED65C51B20BC8F000BB9E6 /* Frameworks */ = {
			isa = PBXFrameworksBuildPhase;
			buildActionMask = 2147483647;
			files = (
			);
			runOnlyForDeploymentPostprocessing = 0;
		};
		05ED65DE1B20BC8F000BB9E6 /* Frameworks */ = {
			isa = PBXFrameworksBuildPhase;
			buildActionMask = 2147483647;
			files = (
			);
			runOnlyForDeploymentPostprocessing = 0;
		};
/* End PBXFrameworksBuildPhase section */

/* Begin PBXGroup section */
		05915C531B2764E100519B5C /* Sounds */ = {
			isa = PBXGroup;
			children = (
				05915C541B2764E100519B5C /* backgroundMusic.mp3 */,
				05915C551B2764E100519B5C /* hitCat.wav */,
				05915C561B2764E100519B5C /* hitCatLady.wav */,
				05915C571B2764E100519B5C /* lose.wav */,
				05915C581B2764E100519B5C /* win.wav */,
			);
			path = Sounds;
			sourceTree = "<group>";
		};
		05ED65BF1B20BC8E000BB9E6 = {
			isa = PBXGroup;
			children = (
				05ED65CA1B20BC8F000BB9E6 /* ZombieConga */,
				05ED65E41B20BC8F000BB9E6 /* ZombieCongaTests */,
				05ED65C91B20BC8F000BB9E6 /* Products */,
			);
			sourceTree = "<group>";
		};
		05ED65C91B20BC8F000BB9E6 /* Products */ = {
			isa = PBXGroup;
			children = (
				05ED65C81B20BC8F000BB9E6 /* ZombieConga.app */,
				05ED65E11B20BC8F000BB9E6 /* ZombieCongaTests.xctest */,
			);
			name = Products;
			sourceTree = "<group>";
		};
		05ED65CA1B20BC8F000BB9E6 /* ZombieConga */ = {
			isa = PBXGroup;
			children = (
				05ED66111B20C675000BB9E6 /* sprites.atlas */,
				05ED66041B20C639000BB9E6 /* Images */,
				05ED65CD1B20BC8F000BB9E6 /* AppDelegate.swift */,
				05ED65D11B20BC8F000BB9E6 /* GameScene.swift */,
				05EB5BF51B2A14E000D9AAD0 /* GameOverScene.swift */,
				05FCA06E1B2F038400C3FA6D /* MainMenuScene.swift */,
				05ED65D31B20BC8F000BB9E6 /* GameViewController.swift */,
				05ED65D51B20BC8F000BB9E6 /* Main.storyboard */,
				05ED65D81B20BC8F000BB9E6 /* Images.xcassets */,
				05ED65DA1B20BC8F000BB9E6 /* LaunchScreen.xib */,
				05CC70E91B222B0000A5FDEA /* MyUtils.swift */,
				05915C531B2764E100519B5C /* Sounds */,
				05ED65CB1B20BC8F000BB9E6 /* Supporting Files */,
			);
			path = ZombieConga;
			sourceTree = "<group>";
		};
		05ED65CB1B20BC8F000BB9E6 /* Supporting Files */ = {
			isa = PBXGroup;
			children = (
				05ED65CC1B20BC8F000BB9E6 /* Info.plist */,
			);
			name = "Supporting Files";
			sourceTree = "<group>";
		};
		05ED65E41B20BC8F000BB9E6 /* ZombieCongaTests */ = {
			isa = PBXGroup;
			children = (
				05ED65E71B20BC8F000BB9E6 /* ZombieCongaTests.swift */,
				05ED65E51B20BC8F000BB9E6 /* Supporting Files */,
			);
			path = ZombieCongaTests;
			sourceTree = "<group>";
		};
		05ED65E51B20BC8F000BB9E6 /* Supporting Files */ = {
			isa = PBXGroup;
			children = (
				05ED65E61B20BC8F000BB9E6 /* Info.plist */,
			);
			name = "Supporting Files";
			sourceTree = "<group>";
		};
		05ED66041B20C639000BB9E6 /* Images */ = {
			isa = PBXGroup;
			children = (
				05ED66051B20C639000BB9E6 /* background1.png */,
				05ED66061B20C639000BB9E6 /* background2.png */,
				05ED66071B20C639000BB9E6 /* MainMenu.png */,
				05ED66081B20C639000BB9E6 /* YouLose.png */,
				05ED66091B20C639000BB9E6 /* YouWin.png */,
			);
			path = Images;
			sourceTree = "<group>";
		};
/* End PBXGroup section */

/* Begin PBXNativeTarget section */
		05ED65C71B20BC8F000BB9E6 /* ZombieConga */ = {
			isa = PBXNativeTarget;
			buildConfigurationList = 05ED65EB1B20BC8F000BB9E6 /* Build configuration list for PBXNativeTarget "ZombieConga" */;
			buildPhases = (
				05ED65C41B20BC8F000BB9E6 /* Sources */,
				05ED65C51B20BC8F000BB9E6 /* Frameworks */,
				05ED65C61B20BC8F000BB9E6 /* Resources */,
			);
			buildRules = (
			);
			dependencies = (
			);
			name = ZombieConga;
			productName = ZombieConga;
			productReference = 05ED65C81B20BC8F000BB9E6 /* ZombieConga.app */;
			productType = "com.apple.product-type.application";
		};
		05ED65E01B20BC8F000BB9E6 /* ZombieCongaTests */ = {
			isa = PBXNativeTarget;
			buildConfigurationList = 05ED65EE1B20BC8F000BB9E6 /* Build configuration list for PBXNativeTarget "ZombieCongaTests" */;
			buildPhases = (
				05ED65DD1B20BC8F000BB9E6 /* Sources */,
				05ED65DE1B20BC8F000BB9E6 /* Frameworks */,
				05ED65DF1B20BC8F000BB9E6 /* Resources */,
			);
			buildRules = (
			);
			dependencies = (
				05ED65E31B20BC8F000BB9E6 /* PBXTargetDependency */,
			);
			name = ZombieCongaTests;
			productName = ZombieCongaTests;
			productReference = 05ED65E11B20BC8F000BB9E6 /* ZombieCongaTests.xctest */;
			productType = "com.apple.product-type.bundle.unit-test";
		};
/* End PBXNativeTarget section */

/* Begin PBXProject section */
		05ED65C01B20BC8E000BB9E6 /* Project object */ = {
			isa = PBXProject;
			attributes = {
				LastUpgradeCheck = 0630;
				ORGANIZATIONNAME = "Andrew Perrault";
				TargetAttributes = {
					05ED65C71B20BC8F000BB9E6 = {
						CreatedOnToolsVersion = 6.3.2;
					};
					05ED65E01B20BC8F000BB9E6 = {
						CreatedOnToolsVersion = 6.3.2;
						TestTargetID = 05ED65C71B20BC8F000BB9E6;
					};
				};
			};
			buildConfigurationList = 05ED65C31B20BC8E000BB9E6 /* Build configuration list for PBXProject "ZombieConga" */;
			compatibilityVersion = "Xcode 3.2";
			developmentRegion = English;
			hasScannedForEncodings = 0;
			knownRegions = (
				en,
				Base,
			);
			mainGroup = 05ED65BF1B20BC8E000BB9E6;
			productRefGroup = 05ED65C91B20BC8F000BB9E6 /* Products */;
			projectDirPath = "";
			projectRoot = "";
			targets = (
				05ED65C71B20BC8F000BB9E6 /* ZombieConga */,
				05ED65E01B20BC8F000BB9E6 /* ZombieCongaTests */,
			);
		};
/* End PBXProject section */

/* Begin PBXResourcesBuildPhase section */
		05ED65C61B20BC8F000BB9E6 /* Resources */ = {
			isa = PBXResourcesBuildPhase;
			buildActionMask = 2147483647;
			files = (
				05ED660E1B20C639000BB9E6 /* YouWin.png in Resources */,
				05ED66121B20C675000BB9E6 /* sprites.atlas in Resources */,
				05ED65DC1B20BC8F000BB9E6 /* LaunchScreen.xib in Resources */,
				05ED660C1B20C639000BB9E6 /* MainMenu.png in Resources */,
				05915C5C1B2764E100519B5C /* lose.wav in Resources */,
				05ED660D1B20C639000BB9E6 /* YouLose.png in Resources */,
				05ED65D91B20BC8F000BB9E6 /* Images.xcassets in Resources */,
				05915C5D1B2764E100519B5C /* win.wav in Resources */,
				05ED660B1B20C639000BB9E6 /* background2.png in Resources */,
				05ED65D71B20BC8F000BB9E6 /* Main.storyboard in Resources */,
				05915C591B2764E100519B5C /* backgroundMusic.mp3 in Resources */,
				05915C5B1B2764E100519B5C /* hitCatLady.wav in Resources */,
				05915C5A1B2764E100519B5C /* hitCat.wav in Resources */,
				05ED660A1B20C639000BB9E6 /* background1.png in Resources */,
			);
			runOnlyForDeploymentPostprocessing = 0;
		};
		05ED65DF1B20BC8F000BB9E6 /* Resources */ = {
			isa = PBXResourcesBuildPhase;
			buildActionMask = 2147483647;
			files = (
			);
			runOnlyForDeploymentPostprocessing = 0;
		};
/* End PBXResourcesBuildPhase section */

/* Begin PBXSourcesBuildPhase section */
		05ED65C41B20BC8F000BB9E6 /* Sources */ = {
			isa = PBXSourcesBuildPhase;
			buildActionMask = 2147483647;
			files = (
				05EB5BF61B2A14E000D9AAD0 /* GameOverScene.swift in Sources */,
				05ED65D21B20BC8F000BB9E6 /* GameScene.swift in Sources */,
				05ED65D41B20BC8F000BB9E6 /* GameViewController.swift in Sources */,
				05ED65CE1B20BC8F000BB9E6 /* AppDelegate.swift in Sources */,
				05CC70EA1B222B0000A5FDEA /* MyUtils.swift in Sources */,
				05FCA06F1B2F038400C3FA6D /* MainMenuScene.swift in Sources */,
			);
			runOnlyForDeploymentPostprocessing = 0;
		};
		05ED65DD1B20BC8F000BB9E6 /* Sources */ = {
			isa = PBXSourcesBuildPhase;
			buildActionMask = 2147483647;
			files = (
				05ED65E81B20BC8F000BB9E6 /* ZombieCongaTests.swift in Sources */,
			);
			runOnlyForDeploymentPostprocessing = 0;
		};
/* End PBXSourcesBuildPhase section */

/* Begin PBXTargetDependency section */
		05ED65E31B20BC8F000BB9E6 /* PBXTargetDependency */ = {
			isa = PBXTargetDependency;
			target = 05ED65C71B20BC8F000BB9E6 /* ZombieConga */;
			targetProxy = 05ED65E21B20BC8F000BB9E6 /* PBXContainerItemProxy */;
		};
/* End PBXTargetDependency section */

/* Begin PBXVariantGroup section */
		05ED65D51B20BC8F000BB9E6 /* Main.storyboard */ = {
			isa = PBXVariantGroup;
			children = (
				05ED65D61B20BC8F000BB9E6 /* Base */,
			);
			name = Main.storyboard;
			sourceTree = "<group>";
		};
		05ED65DA1B20BC8F000BB9E6 /* LaunchScreen.xib */ = {
			isa = PBXVariantGroup;
			children = (
				05ED65DB1B20BC8F000BB9E6 /* Base */,
			);
			name = LaunchScreen.xib;
			sourceTree = "<group>";
		};
/* End PBXVariantGroup section */

/* Begin XCBuildConfiguration section */
		05ED65E91B20BC8F000BB9E6 /* Debug */ = {
			isa = XCBuildConfiguration;
			buildSettings = {
				ALWAYS_SEARCH_USER_PATHS = NO;
				CLANG_CXX_LANGUAGE_STANDARD = "gnu++0x";
				CLANG_CXX_LIBRARY = "libc++";
				CLANG_ENABLE_MODULES = YES;
				CLANG_ENABLE_OBJC_ARC = YES;
				CLANG_WARN_BOOL_CONVERSION = YES;
				CLANG_WARN_CONSTANT_CONVERSION = YES;
				CLANG_WARN_DIRECT_OBJC_ISA_USAGE = YES_ERROR;
				CLANG_WARN_EMPTY_BODY = YES;
				CLANG_WARN_ENUM_CONVERSION = YES;
				CLANG_WARN_INT_CONVERSION = YES;
				CLANG_WARN_OBJC_ROOT_CLASS = YES_ERROR;
				CLANG_WARN_UNREACHABLE_CODE = YES;
				CLANG_WARN__DUPLICATE_METHOD_MATCH = YES;
				"CODE_SIGN_IDENTITY[sdk=iphoneos*]" = "iPhone Developer";
				COPY_PHASE_STRIP = NO;
				DEBUG_INFORMATION_FORMAT = "dwarf-with-dsym";
				ENABLE_STRICT_OBJC_MSGSEND = YES;
				GCC_C_LANGUAGE_STANDARD = gnu99;
				GCC_DYNAMIC_NO_PIC = NO;
				GCC_NO_COMMON_BLOCKS = YES;
				GCC_OPTIMIZATION_LEVEL = 0;
				GCC_PREPROCESSOR_DEFINITIONS = (
					"DEBUG=1",
					"$(inherited)",
				);
				GCC_SYMBOLS_PRIVATE_EXTERN = NO;
				GCC_WARN_64_TO_32_BIT_CONVERSION = YES;
				GCC_WARN_ABOUT_RETURN_TYPE = YES_ERROR;
				GCC_WARN_UNDECLARED_SELECTOR = YES;
				GCC_WARN_UNINITIALIZED_AUTOS = YES_AGGRESSIVE;
				GCC_WARN_UNUSED_FUNCTION = YES;
				GCC_WARN_UNUSED_VARIABLE = YES;
				IPHONEOS_DEPLOYMENT_TARGET = 8.3;
				MTL_ENABLE_DEBUG_INFO = YES;
				ONLY_ACTIVE_ARCH = YES;
				SDKROOT = iphoneos;
				SWIFT_OPTIMIZATION_LEVEL = "-Onone";
				TARGETED_DEVICE_FAMILY = "1,2";
			};
			name = Debug;
		};
		05ED65EA1B20BC8F000BB9E6 /* Release */ = {
			isa = XCBuildConfiguration;
			buildSettings = {
				ALWAYS_SEARCH_USER_PATHS = NO;
				CLANG_CXX_LANGUAGE_STANDARD = "gnu++0x";
				CLANG_CXX_LIBRARY = "libc++";
				CLANG_ENABLE_MODULES = YES;
				CLANG_ENABLE_OBJC_ARC = YES;
				CLANG_WARN_BOOL_CONVERSION = YES;
				CLANG_WARN_CONSTANT_CONVERSION = YES;
				CLANG_WARN_DIRECT_OBJC_ISA_USAGE = YES_ERROR;
				CLANG_WARN_EMPTY_BODY = YES;
				CLANG_WARN_ENUM_CONVERSION = YES;
				CLANG_WARN_INT_CONVERSION = YES;
				CLANG_WARN_OBJC_ROOT_CLASS = YES_ERROR;
				CLANG_WARN_UNREACHABLE_CODE = YES;
				CLANG_WARN__DUPLICATE_METHOD_MATCH = YES;
				"CODE_SIGN_IDENTITY[sdk=iphoneos*]" = "iPhone Developer";
				COPY_PHASE_STRIP = NO;
				DEBUG_INFORMATION_FORMAT = "dwarf-with-dsym";
				ENABLE_NS_ASSERTIONS = NO;
				ENABLE_STRICT_OBJC_MSGSEND = YES;
				GCC_C_LANGUAGE_STANDARD = gnu99;
				GCC_NO_COMMON_BLOCKS = YES;
				GCC_WARN_64_TO_32_BIT_CONVERSION = YES;
				GCC_WARN_ABOUT_RETURN_TYPE = YES_ERROR;
				GCC_WARN_UNDECLARED_SELECTOR = YES;
				GCC_WARN_UNINITIALIZED_AUTOS = YES_AGGRESSIVE;
				GCC_WARN_UNUSED_FUNCTION = YES;
				GCC_WARN_UNUSED_VARIABLE = YES;
				IPHONEOS_DEPLOYMENT_TARGET = 8.3;
				MTL_ENABLE_DEBUG_INFO = NO;
				SDKROOT = iphoneos;
				TARGETED_DEVICE_FAMILY = "1,2";
				VALIDATE_PRODUCT = YES;
			};
			name = Release;
		};
		05ED65EC1B20BC8F000BB9E6 /* Debug */ = {
			isa = XCBuildConfiguration;
			buildSettings = {
				ASSETCATALOG_COMPILER_APPICON_NAME = AppIcon;
				INFOPLIST_FILE = ZombieConga/Info.plist;
				LD_RUNPATH_SEARCH_PATHS = "$(inherited) @executable_path/Frameworks";
				PRODUCT_NAME = "$(TARGET_NAME)";
			};
			name = Debug;
		};
		05ED65ED1B20BC8F000BB9E6 /* Release */ = {
			isa = XCBuildConfiguration;
			buildSettings = {
				ASSETCATALOG_COMPILER_APPICON_NAME = AppIcon;
				INFOPLIST_FILE = ZombieConga/Info.plist;
				LD_RUNPATH_SEARCH_PATHS = "$(inherited) @executable_path/Frameworks";
				PRODUCT_NAME = "$(TARGET_NAME)";
			};
			name = Release;
		};
		05ED65EF1B20BC8F000BB9E6 /* Debug */ = {
			isa = XCBuildConfiguration;
			buildSettings = {
				BUNDLE_LOADER = "$(TEST_HOST)";
				FRAMEWORK_SEARCH_PATHS = (
					"$(SDKROOT)/Developer/Library/Frameworks",
					"$(inherited)",
				);
				GCC_PREPROCESSOR_DEFINITIONS = (
					"DEBUG=1",
					"$(inherited)",
				);
				INFOPLIST_FILE = ZombieCongaTests/Info.plist;
				LD_RUNPATH_SEARCH_PATHS = "$(inherited) @executable_path/Frameworks @loader_path/Frameworks";
				PRODUCT_NAME = "$(TARGET_NAME)";
				TEST_HOST = "$(BUILT_PRODUCTS_DIR)/ZombieConga.app/ZombieConga";
			};
			name = Debug;
		};
		05ED65F01B20BC8F000BB9E6 /* Release */ = {
			isa = XCBuildConfiguration;
			buildSettings = {
				BUNDLE_LOADER = "$(TEST_HOST)";
				FRAMEWORK_SEARCH_PATHS = (
					"$(SDKROOT)/Developer/Library/Frameworks",
					"$(inherited)",
				);
				INFOPLIST_FILE = ZombieCongaTests/Info.plist;
				LD_RUNPATH_SEARCH_PATHS = "$(inherited) @executable_path/Frameworks @loader_path/Frameworks";
				PRODUCT_NAME = "$(TARGET_NAME)";
				TEST_HOST = "$(BUILT_PRODUCTS_DIR)/ZombieConga.app/ZombieConga";
			};
			name = Release;
		};
/* End XCBuildConfiguration section */

/* Begin XCConfigurationList section */
		05ED65C31B20BC8E000BB9E6 /* Build configuration list for PBXProject "ZombieConga" */ = {
			isa = XCConfigurationList;
			buildConfigurations = (
				05ED65E91B20BC8F000BB9E6 /* Debug */,
				05ED65EA1B20BC8F000BB9E6 /* Release */,
			);
			defaultConfigurationIsVisible = 0;
			defaultConfigurationName = Release;
		};
		05ED65EB1B20BC8F000BB9E6 /* Build configuration list for PBXNativeTarget "ZombieConga" */ = {
			isa = XCConfigurationList;
			buildConfigurations = (
				05ED65EC1B20BC8F000BB9E6 /* Debug */,
				05ED65ED1B20BC8F000BB9E6 /* Release */,
			);
			defaultConfigurationIsVisible = 0;
			defaultConfigurationName = Release;
		};
		05ED65EE1B20BC8F000BB9E6 /* Build configuration list for PBXNativeTarget "ZombieCongaTests" */ = {
			isa = XCConfigurationList;
			buildConfigurations = (
				05ED65EF1B20BC8F000BB9E6 /* Debug */,
				05ED65F01B20BC8F000BB9E6 /* Release */,
			);
			defaultConfigurationIsVisible = 0;
			defaultConfigurationName = Release;
		};
/* End XCConfigurationList section */
	};
	rootObject = 05ED65C01B20BC8E000BB9E6 /* Project object */;
}
